{
  "version": "3",
  "packages": {
    "specifiers": {
      "npm:@types/node": "npm:@types/node@18.16.5"
    },
    "npm": {
      "@types/node@18.16.5": {
        "integrity": "sha512-seOA34WMo9KB+UA78qaJoCO20RJzZGVXQ5Sh6FWu0g/hfT44nKXnej3/tCQl7FL97idFpBhisLYCTB50S0EirA==",
        "dependencies": {}
      }
    }
  },
  "remote": {
    "https://deno.land/std@0.178.0/fmt/colors.ts": "938c5d44d889fb82eff6c358bea8baa7e85950a16c9f6dae3ec3a7a729164471",
    "https://deno.land/std@0.178.0/testing/_diff.ts": "1a3c044aedf77647d6cac86b798c6417603361b66b54c53331b312caeb447aea",
    "https://deno.land/std@0.178.0/testing/_format.ts": "a69126e8a469009adf4cf2a50af889aca364c349797e63174884a52ff75cf4c7",
    "https://deno.land/std@0.178.0/testing/asserts.ts": "984ab0bfb3faeed92ffaa3a6b06536c66811185328c5dd146257c702c41b01ab",
    "https://deno.land/std@0.184.0/_util/asserts.ts": "178dfc49a464aee693a7e285567b3d0b555dc805ff490505a8aae34f9cfb1462",
    "https://deno.land/std@0.184.0/_util/os.ts": "d932f56d41e4f6a6093d56044e29ce637f8dcc43c5a90af43504a889cf1775e3",
    "https://deno.land/std@0.184.0/encoding/hex.ts": "b4b1a7cb678745b0bf181ed8cf2498c7be00d121a7de244b752fbf9c7d9c48cd",
    "https://deno.land/std@0.184.0/fmt/colors.ts": "d67e3cd9f472535241a8e410d33423980bec45047e343577554d3356e1f0ef4e",
    "https://deno.land/std@0.184.0/fs/_util.ts": "579038bebc3bd35c43a6a7766f7d91fbacdf44bc03468e9d3134297bb99ed4f9",
    "https://deno.land/std@0.184.0/fs/copy.ts": "14214efd94fc3aa6db1e4af2b4b9578e50f7362b7f3725d5a14ad259a5df26c8",
    "https://deno.land/std@0.184.0/fs/empty_dir.ts": "c3d2da4c7352fab1cf144a1ecfef58090769e8af633678e0f3fabaef98594688",
    "https://deno.land/std@0.184.0/fs/ensure_dir.ts": "dc64c4c75c64721d4e3fb681f1382f803ff3d2868f08563ff923fdd20d071c40",
    "https://deno.land/std@0.184.0/fs/ensure_file.ts": "c38602670bfaf259d86ca824a94e6cb9e5eb73757fefa4ebf43a90dd017d53d9",
    "https://deno.land/std@0.184.0/fs/ensure_link.ts": "c0f5b2f0ec094ed52b9128eccb1ee23362a617457aa0f699b145d4883f5b2fb4",
    "https://deno.land/std@0.184.0/fs/ensure_symlink.ts": "5006ab2f458159c56d689b53b1e48d57e05eeb1eaf64e677f7f76a30bc4fdba1",
    "https://deno.land/std@0.184.0/fs/eol.ts": "f1f2eb348a750c34500741987b21d65607f352cf7205f48f4319d417fff42842",
    "https://deno.land/std@0.184.0/fs/exists.ts": "29c26bca8584a22876be7cb8844f1b6c8fc35e9af514576b78f5c6884d7ed02d",
    "https://deno.land/std@0.184.0/fs/expand_glob.ts": "e4f56259a0a70fe23f05215b00de3ac5e6ba46646ab2a06ebbe9b010f81c972a",
    "https://deno.land/std@0.184.0/fs/mod.ts": "bc3d0acd488cc7b42627044caf47d72019846d459279544e1934418955ba4898",
    "https://deno.land/std@0.184.0/fs/move.ts": "b4f8f46730b40c32ea3c0bc8eb0fd0e8139249a698883c7b3756424cf19785c9",
    "https://deno.land/std@0.184.0/fs/walk.ts": "920be35a7376db6c0b5b1caf1486fb962925e38c9825f90367f8f26b5e5d0897",
    "https://deno.land/std@0.184.0/path/_constants.ts": "e49961f6f4f48039c0dfed3c3f93e963ca3d92791c9d478ac5b43183413136e0",
    "https://deno.land/std@0.184.0/path/_interface.ts": "6471159dfbbc357e03882c2266d21ef9afdb1e4aa771b0545e90db58a0ba314b",
    "https://deno.land/std@0.184.0/path/_util.ts": "d7abb1e0dea065f427b89156e28cdeb32b045870acdf865833ba808a73b576d0",
    "https://deno.land/std@0.184.0/path/common.ts": "ee7505ab01fd22de3963b64e46cff31f40de34f9f8de1fff6a1bd2fe79380000",
    "https://deno.land/std@0.184.0/path/glob.ts": "d479e0a695621c94d3fd7fe7abd4f9499caf32a8de13f25073451c6ef420a4e1",
    "https://deno.land/std@0.184.0/path/mod.ts": "bf718f19a4fdd545aee1b06409ca0805bd1b68ecf876605ce632e932fe54510c",
    "https://deno.land/std@0.184.0/path/posix.ts": "8b7c67ac338714b30c816079303d0285dd24af6b284f7ad63da5b27372a2c94d",
    "https://deno.land/std@0.184.0/path/separator.ts": "0fb679739d0d1d7bf45b68dacfb4ec7563597a902edbaf3c59b50d5bcadd93b1",
    "https://deno.land/std@0.184.0/path/win32.ts": "d186344e5583bcbf8b18af416d13d82b35a317116e6460a5a3953508c3de5bba",
    "https://deno.land/std@0.210.0/streams/text_line_stream.ts": "e3bb7769ebd789a125ab8fecfc823c218ac6435aaff6257929bcc2e3f07817f0",
    "https://deno.land/std@0.83.0/bytes/mod.ts": "e4f91c6473fe13e3cf1a23649137f87f49135c10bc08fc0f83382a0fb0b03744",
    "https://deno.land/x/irc@v0.12.5/client.ts": "e17ffcc449bb7933f1fb8caaf897248cc010ec6bee51feecd1e10dbd36eff3da",
    "https://deno.land/x/irc@v0.12.5/core/client.ts": "73d8fb45fe701a411f1330a5d88296672d8b7d221f88b2a0e266b90fd39e4ef3",
    "https://deno.land/x/irc@v0.12.5/core/errors.ts": "2b0f717d38988c220ba161a6ddada6d4c1df8617e26822de4bff23e36b84e1b0",
    "https://deno.land/x/irc@v0.12.5/core/events.ts": "4c5648aa8b73290d56d8f9560d2361aa001dc08755001f10f29000fe0ecaeca0",
    "https://deno.land/x/irc@v0.12.5/core/hooks.ts": "9a7df4d7fea8009635b738482130e16be81534621a2b2723d193d8e29f5ce4a7",
    "https://deno.land/x/irc@v0.12.5/core/parsers.ts": "811a30bb9d831f88449d9853e2eecc712b0a202d0998315e9abab78e78cd4f27",
    "https://deno.land/x/irc@v0.12.5/core/plugins.ts": "7d663f8c5a8c8e490f44ca86db1026ff5d65ea0ed7ff66a2b2be5ca3c88248b7",
    "https://deno.land/x/irc@v0.12.5/core/protocol.ts": "fde8acb8d0601770c0a79269bed85013445977254f277e8f26b25e988e1db832",
    "https://deno.land/x/irc@v0.12.5/deps.ts": "d3934af342af58bc454b5ce44b8f793709cea36be20aa4009114005f6ef2b0ae",
    "https://deno.land/x/irc@v0.12.5/mod.ts": "9e73ac8a668f2888b484c8f4b638bcf8089af26946ca9f84a1a0563048365d45",
    "https://deno.land/x/irc@v0.12.5/plugins/action.ts": "a048c1a37b80191d2487260eff2e8d3b37d1625fb02bad66429c244e00f66a2f",
    "https://deno.land/x/irc@v0.12.5/plugins/away.ts": "4a3bf4e5a2b8bcf0e9847f58e825c4d2f3c71cd3ae160f36479ef78dd7c9ef71",
    "https://deno.land/x/irc@v0.12.5/plugins/cap.ts": "41eee2f88d423c46d87f40dace6711190cb77f321a33eee1d25f1e0293b45ab8",
    "https://deno.land/x/irc@v0.12.5/plugins/chanmodes.ts": "234b529cd88fe06a515083aabb60e9b896268d3c4ea866444214ca372307b5ed",
    "https://deno.land/x/irc@v0.12.5/plugins/chantypes.ts": "e242935a6e868cca59f458cba91831f4213c47f769d4e966c51ff0fd3f477276",
    "https://deno.land/x/irc@v0.12.5/plugins/clientinfo.ts": "2d14979350727a5fa2536a82f1992642593ab226060242772e6adf5ea86839e7",
    "https://deno.land/x/irc@v0.12.5/plugins/ctcp.ts": "3abb3005bc26f7bd080a20f1731fdac0fb703cfc045ad291d07081799750854b",
    "https://deno.land/x/irc@v0.12.5/plugins/error_reply.ts": "45e15bf46e727f4c5083aa86ea7c176c1a216f3706777ea026dd5711bbf7b0f1",
    "https://deno.land/x/irc@v0.12.5/plugins/invalid_names.ts": "1b79e36959c69c215575ca2d5a44749105c8a55979a3d6946ae0dc671257ece8",
    "https://deno.land/x/irc@v0.12.5/plugins/invite.ts": "6a49992fdebde399d9e28350649dd39f6988a303b779eaf704c5408ef7bafe38",
    "https://deno.land/x/irc@v0.12.5/plugins/isupport.ts": "25ec536628299b1993526ce9b21e1b4fb5e235dbb67218da477c5d70c08ed9ef",
    "https://deno.land/x/irc@v0.12.5/plugins/join.ts": "e2fdcbf95d5a6282d108edadebe9a0099d942e4184fc359f00916acb2553390f",
    "https://deno.land/x/irc@v0.12.5/plugins/join_on_invite.ts": "feed0b22d223cd4e3fd7017cb0a19bae32a147114f2442d100bc016add15a16a",
    "https://deno.land/x/irc@v0.12.5/plugins/join_on_register.ts": "5aa1e156b91d6b421ff6b794917336f89cc9639f3cd5cdbd7f635d0bcbf814f7",
    "https://deno.land/x/irc@v0.12.5/plugins/kick.ts": "b45676dca51ff5a726ed4991b324dba40fb84009e125f2aa2e303165121d68e8",
    "https://deno.land/x/irc@v0.12.5/plugins/kill.ts": "c26e01403048411bd8e8295acaef0e9a2d15f6d855691f30457472793dea3b3e",
    "https://deno.land/x/irc@v0.12.5/plugins/list.ts": "e310b5228589336d39d74ac439cd82e0687c78aabec17da7b53ed87e688012e1",
    "https://deno.land/x/irc@v0.12.5/plugins/mode.ts": "180966ddc752dc84a8a8ba05fff327260a92534e0f77b118fe07858913592807",
    "https://deno.land/x/irc@v0.12.5/plugins/mode_aliases.ts": "8df395e0737b1d64294a7ebef0781a04a84a446e776a13d828e280e0195929ba",
    "https://deno.land/x/irc@v0.12.5/plugins/motd.ts": "646a17c75f83950507c65f78f21c58cca537547293b0b3742062e28f9c59a96e",
    "https://deno.land/x/irc@v0.12.5/plugins/myinfo.ts": "18e802202ef4b0feefa9aa672b96c18b97e270a30e86bf668463b16a46444d38",
    "https://deno.land/x/irc@v0.12.5/plugins/names.ts": "6f7afdb6402eac8a2b4b96ef0604206d446897ebe5553fe3f994d5565caa0342",
    "https://deno.land/x/irc@v0.12.5/plugins/nick.ts": "ffad907cb962848abf344ae4a443c745e6ad19a4ee651beb9403fb9f5facd3e1",
    "https://deno.land/x/irc@v0.12.5/plugins/nicklist.ts": "d49f6e007c96752b7a3bb54889690c069bc679f17e88d6558665370d34b77952",
    "https://deno.land/x/irc@v0.12.5/plugins/notice.ts": "713499fbdaaacf69cf42cda41395e4b628b8da10f7a99fc3a666f54ee572269d",
    "https://deno.land/x/irc@v0.12.5/plugins/oper.ts": "85d9eaa3ce4ec65019cc09316acef8ddc0c71161edea8a81ba91203cac39c5e1",
    "https://deno.land/x/irc@v0.12.5/plugins/oper_on_register.ts": "f358885744171fd0385448e4600bfe0b32259fcda2bddb1d94ceb7a091fdf583",
    "https://deno.land/x/irc@v0.12.5/plugins/part.ts": "e56093a3f7fa51d6cdc1eb81a8c52a20ccc2ad18117f5c1005b0cbae07b07ce4",
    "https://deno.land/x/irc@v0.12.5/plugins/ping.ts": "31bc824bd36dfff6878b990e2d766344972aa656b4b62d39daf6dc883506f995",
    "https://deno.land/x/irc@v0.12.5/plugins/ping_timeout.ts": "751fcf7f5676a501d67f955553f4f5f72179d5dff0d6b596601862378ec46344",
    "https://deno.land/x/irc@v0.12.5/plugins/privmsg.ts": "e9747384fdebbf20a5518d446e5818ff22812e72bfce731cbd50dcb5badc8c1b",
    "https://deno.land/x/irc@v0.12.5/plugins/quit.ts": "6eef0340f3d979b972de05093d1869c9fad514f8cffadf31da7f0a395f462753",
    "https://deno.land/x/irc@v0.12.5/plugins/reconnect.ts": "a208a6de2e6937ae7905874bac9768a64e7806de8b312edd55efd7691687cff1",
    "https://deno.land/x/irc@v0.12.5/plugins/register.ts": "d2f43b3b5100e03ac2bf531bdad20926095ef4e7b346a79bf58ab2987fa10157",
    "https://deno.land/x/irc@v0.12.5/plugins/registration.ts": "1addac86d3bb6df2c5904502ef550064565f2aabd37b52be636c9a0654b8f3ef",
    "https://deno.land/x/irc@v0.12.5/plugins/throw_on_error.ts": "c1f75bceb3830e26989929388b8534339d53bf48a08d5dc72c3ea7263ef73d3e",
    "https://deno.land/x/irc@v0.12.5/plugins/time.ts": "8e5ecb397690e3b9a7664c946564342e6bd4b912dfc642866879debedf889e38",
    "https://deno.land/x/irc@v0.12.5/plugins/topic.ts": "3def78d9b58de9cec06fa6664892e7384d2d8b0abdb42d0a503ff0332b2ad15f",
    "https://deno.land/x/irc@v0.12.5/plugins/usermodes.ts": "3fce4f8cb53973a52f0e159fbbcc3b98b8ca65dafaf21502d26e3c10f339f0b1",
    "https://deno.land/x/irc@v0.12.5/plugins/verbose.ts": "171705794548b86b523a4d9122581eb86a92e7e9041d38847315c8233aefe918",
    "https://deno.land/x/irc@v0.12.5/plugins/version.ts": "8e45a095a551a635e0ea0e4d610a2b4215b0b0f6e632c25d467ac5581f2b24cf",
    "https://deno.land/x/irc@v0.12.5/plugins/whois.ts": "b40847d8e0facde949648506b5e747279e81d53187eedbdf6d60a28fe57c4c64",
    "https://deno.land/x/plug@1.0.2/deps.ts": "36846a478fafaa1d8ca18aafd91584a748aa58de47ad0f45f008881dad82f374",
    "https://deno.land/x/plug@1.0.2/download.ts": "b92bc1c1ae35fdb75828847f1ebfc7e51bf462f339729740e1cffe78384e1509",
    "https://deno.land/x/plug@1.0.2/mod.ts": "32e0006ed6142e7becdb4103c2aa4e1e9ef28459d7243d6cb404a028f7c4eb7e",
    "https://deno.land/x/plug@1.0.2/types.ts": "0490359117c53783138f2b6692a34f85bca9237314ba8cdef8ad682d81218d21",
    "https://deno.land/x/plug@1.0.2/util.ts": "ded3db6e9bb16b8003899d9073fb310e13231ca617b35d6b7dfd53f38762cc76",
    "https://deno.land/x/readline@v1.1.0/deps.ts": "ad98d16593ba9981320c193bc306cb6c00b491ad4ea265ff3c8b26285bcba74a",
    "https://deno.land/x/readline@v1.1.0/mod.ts": "fdfe3162d558e75c3ae20e7f23e0fe894205c1040ab08b1bd5169da877594487",
    "https://deno.land/x/reedline_deno@0.17.1/src/deps.ts": "25c4a36fc98dbc54ae03aff71966b6f54ce1a7331cc85d8c69111fef29db3358",
    "https://deno.land/x/reedline_deno@0.17.1/src/mod.ts": "273cad6161367fdd2eca0bcde24302defdbd74bf8de937168c72a5263e554c91",
    "https://deno.land/x/reedline_deno@0.17.1/src/utils.ts": "714b5f8a0e4e49b98680ae12099ecb41c8caf6e4f8a9d4c014a88c93179116f3"
  }
}
